
Microsoft Visual Studio Solution File, Format Version 12.00
# Visual Studio Version 16
VisualStudioVersion = 16.0.29509.3
MinimumVisualStudioVersion = 10.0.40219.1
Project("{FAE04EC0-301F-11D3-BF4B-00C04F79EFBC}") = "PairOfSocks", "ConsoleApp1\PairOfSocks.csproj", "{51ACD481-8C29-4C8D-92F8-786A28DAD682}"
EndProject
Project("{FAE04EC0-301F-11D3-BF4B-00C04F79EFBC}") = "AVeryBigSum", "ConsoleApp2\AVeryBigSum.csproj", "{031D2FFD-1869-4A3E-B7F7-6154870C1FB0}"
EndProject
Project("{FAE04EC0-301F-11D3-BF4B-00C04F79EFBC}") = "PlusMinus", "PlusMinus\PlusMinus.csproj", "{378770E0-2C3A-4FAA-A13A-C344B1D8A2C0}"
EndProject
Project("{FAE04EC0-301F-11D3-BF4B-00C04F79EFBC}") = "staircase", "staircase\staircase.csproj", "{A6FFD88F-B7AA-4E40-9BB3-83EF8ECF9569}"
EndProject
Project("{FAE04EC0-301F-11D3-BF4B-00C04F79EFBC}") = "MinMaxSum", "MinMaxSum\MinMaxSum.csproj", "{7D462A8C-903E-41F8-844F-51D507665010}"
EndProject
Project("{FAE04EC0-301F-11D3-BF4B-00C04F79EFBC}") = "GradingStudent", "GradingStudent\GradingStudent.csproj", "{4748E33F-4ECE-4380-8360-EA515E1E0A06}"
EndProject
Project("{FAE04EC0-301F-11D3-BF4B-00C04F79EFBC}") = "CountingValley", "CountingValley\CountingValley.csproj", "{A45BFB5C-5AA0-469A-B162-35C47F6E271B}"
EndProject
Project("{FAE04EC0-301F-11D3-BF4B-00C04F79EFBC}") = "RepeatedString", "RepeatedString\RepeatedString.csproj", "{F1CCBA40-1418-4A4D-8C7C-89C333FDB495}"
EndProject
Project("{9A19103F-16F7-4668-BE54-9A1E7A4F7556}") = "ReverseSentences", "ReverseSentences\ReverseSentences.csproj", "{8CC4A215-E52F-4A11-B567-2EF1D051ABCA}"
EndProject
Project("{9A19103F-16F7-4668-BE54-9A1E7A4F7556}") = "MajorityElement2", "MajorityElement2\MajorityElement2.csproj", "{7E7F6F3F-A531-4F34-A48B-6926E76BFD15}"
EndProject
Project("{9A19103F-16F7-4668-BE54-9A1E7A4F7556}") = "ProgressBar", "ProgressBar\ProgressBar.csproj", "{EAB93590-1A0F-4B04-965C-5BF74B73C4D4}"
EndProject
Project("{9A19103F-16F7-4668-BE54-9A1E7A4F7556}") = "JumbingOnTheCloud", "JumbingOnTheCloud\JumbingOnTheCloud.csproj", "{FD791CD4-8A58-4604-8467-233C99D6988D}"
EndProject
Project("{9A19103F-16F7-4668-BE54-9A1E7A4F7556}") = "JsonCleaning", "JsonCleaning\JsonCleaning.csproj", "{641B559B-77E5-4C36-B9ED-C8B403122E3B}"
EndProject
Project("{FAE04EC0-301F-11D3-BF4B-00C04F79EFBC}") = "JsonCleaningWithoutNewtonsoft", "JsonCleaningWithoutNewtonsoft\JsonCleaningWithoutNewtonsoft.csproj", "{9B083CD6-A642-4037-8E89-65D81AAA0239}"
EndProject
Project("{9A19103F-16F7-4668-BE54-9A1E7A4F7556}") = "permutationBreakingString", "fleetOps interview\permutationBreakingString.csproj", "{8324D32E-2FFF-4567-A5D7-124950AC65EE}"
EndProject
Project("{FAE04EC0-301F-11D3-BF4B-00C04F79EFBC}") = "BuyPowerCodingInteriew", "BuyPowerCodingInteriew\BuyPowerCodingInteriew.csproj", "{E3BF4154-4333-4FDB-A484-61D24CB26754}"
EndProject
Project("{FAE04EC0-301F-11D3-BF4B-00C04F79EFBC}") = "StringChallenge", "StringChallenge\StringChallenge.csproj", "{C745DD57-8C61-4CA5-B07B-2912416DAA01}"
EndProject
Project("{FAE04EC0-301F-11D3-BF4B-00C04F79EFBC}") = "JsonCleaningWithNewtonSof", "JsonCleaningWithNewtonSof\JsonCleaningWithNewtonSof.csproj", "{4F9F572F-70EC-4907-B001-1F85089DBB48}"
EndProject
Project("{FAE04EC0-301F-11D3-BF4B-00C04F79EFBC}") = "BinarySearch", "BinarySearch\BinarySearch.csproj", "{382863D7-7157-4C41-8FDC-12500D3CFB46}"
EndProject
Project("{FAE04EC0-301F-11D3-BF4B-00C04F79EFBC}") = "Combination", "Combination\Combination.csproj", "{4504E6AF-AD52-4C19-8A87-44E85BAB5952}"
EndProject
Global
	GlobalSection(SolutionConfigurationPlatforms) = preSolution
		Debug|Any CPU = Debug|Any CPU
		Release|Any CPU = Release|Any CPU
	EndGlobalSection
	GlobalSection(ProjectConfigurationPlatforms) = postSolution
		{51ACD481-8C29-4C8D-92F8-786A28DAD682}.Debug|Any CPU.ActiveCfg = Debug|Any CPU
		{51ACD481-8C29-4C8D-92F8-786A28DAD682}.Debug|Any CPU.Build.0 = Debug|Any CPU
		{51ACD481-8C29-4C8D-92F8-786A28DAD682}.Release|Any CPU.ActiveCfg = Release|Any CPU
		{51ACD481-8C29-4C8D-92F8-786A28DAD682}.Release|Any CPU.Build.0 = Release|Any CPU
		{031D2FFD-1869-4A3E-B7F7-6154870C1FB0}.Debug|Any CPU.ActiveCfg = Debug|Any CPU
		{031D2FFD-1869-4A3E-B7F7-6154870C1FB0}.Debug|Any CPU.Build.0 = Debug|Any CPU
		{031D2FFD-1869-4A3E-B7F7-6154870C1FB0}.Release|Any CPU.ActiveCfg = Release|Any CPU
		{031D2FFD-1869-4A3E-B7F7-6154870C1FB0}.Release|Any CPU.Build.0 = Release|Any CPU
		{378770E0-2C3A-4FAA-A13A-C344B1D8A2C0}.Debug|Any CPU.ActiveCfg = Debug|Any CPU
		{378770E0-2C3A-4FAA-A13A-C344B1D8A2C0}.Debug|Any CPU.Build.0 = Debug|Any CPU
		{378770E0-2C3A-4FAA-A13A-C344B1D8A2C0}.Release|Any CPU.ActiveCfg = Release|Any CPU
		{378770E0-2C3A-4FAA-A13A-C344B1D8A2C0}.Release|Any CPU.Build.0 = Release|Any CPU
		{A6FFD88F-B7AA-4E40-9BB3-83EF8ECF9569}.Debug|Any CPU.ActiveCfg = Debug|Any CPU
		{A6FFD88F-B7AA-4E40-9BB3-83EF8ECF9569}.Debug|Any CPU.Build.0 = Debug|Any CPU
		{A6FFD88F-B7AA-4E40-9BB3-83EF8ECF9569}.Release|Any CPU.ActiveCfg = Release|Any CPU
		{A6FFD88F-B7AA-4E40-9BB3-83EF8ECF9569}.Release|Any CPU.Build.0 = Release|Any CPU
		{7D462A8C-903E-41F8-844F-51D507665010}.Debug|Any CPU.ActiveCfg = Debug|Any CPU
		{7D462A8C-903E-41F8-844F-51D507665010}.Debug|Any CPU.Build.0 = Debug|Any CPU
		{7D462A8C-903E-41F8-844F-51D507665010}.Release|Any CPU.ActiveCfg = Release|Any CPU
		{7D462A8C-903E-41F8-844F-51D507665010}.Release|Any CPU.Build.0 = Release|Any CPU
		{4748E33F-4ECE-4380-8360-EA515E1E0A06}.Debug|Any CPU.ActiveCfg = Debug|Any CPU
		{4748E33F-4ECE-4380-8360-EA515E1E0A06}.Debug|Any CPU.Build.0 = Debug|Any CPU
		{4748E33F-4ECE-4380-8360-EA515E1E0A06}.Release|Any CPU.ActiveCfg = Release|Any CPU
		{4748E33F-4ECE-4380-8360-EA515E1E0A06}.Release|Any CPU.Build.0 = Release|Any CPU
		{A45BFB5C-5AA0-469A-B162-35C47F6E271B}.Debug|Any CPU.ActiveCfg = Debug|Any CPU
		{A45BFB5C-5AA0-469A-B162-35C47F6E271B}.Debug|Any CPU.Build.0 = Debug|Any CPU
		{A45BFB5C-5AA0-469A-B162-35C47F6E271B}.Release|Any CPU.ActiveCfg = Release|Any CPU
		{A45BFB5C-5AA0-469A-B162-35C47F6E271B}.Release|Any CPU.Build.0 = Release|Any CPU
		{F1CCBA40-1418-4A4D-8C7C-89C333FDB495}.Debug|Any CPU.ActiveCfg = Debug|Any CPU
		{F1CCBA40-1418-4A4D-8C7C-89C333FDB495}.Debug|Any CPU.Build.0 = Debug|Any CPU
		{F1CCBA40-1418-4A4D-8C7C-89C333FDB495}.Release|Any CPU.ActiveCfg = Release|Any CPU
		{F1CCBA40-1418-4A4D-8C7C-89C333FDB495}.Release|Any CPU.Build.0 = Release|Any CPU
		{8CC4A215-E52F-4A11-B567-2EF1D051ABCA}.Debug|Any CPU.ActiveCfg = Debug|Any CPU
		{8CC4A215-E52F-4A11-B567-2EF1D051ABCA}.Debug|Any CPU.Build.0 = Debug|Any CPU
		{8CC4A215-E52F-4A11-B567-2EF1D051ABCA}.Release|Any CPU.ActiveCfg = Release|Any CPU
		{8CC4A215-E52F-4A11-B567-2EF1D051ABCA}.Release|Any CPU.Build.0 = Release|Any CPU
		{7E7F6F3F-A531-4F34-A48B-6926E76BFD15}.Debug|Any CPU.ActiveCfg = Debug|Any CPU
		{7E7F6F3F-A531-4F34-A48B-6926E76BFD15}.Debug|Any CPU.Build.0 = Debug|Any CPU
		{7E7F6F3F-A531-4F34-A48B-6926E76BFD15}.Release|Any CPU.ActiveCfg = Release|Any CPU
		{7E7F6F3F-A531-4F34-A48B-6926E76BFD15}.Release|Any CPU.Build.0 = Release|Any CPU
		{EAB93590-1A0F-4B04-965C-5BF74B73C4D4}.Debug|Any CPU.ActiveCfg = Debug|Any CPU
		{EAB93590-1A0F-4B04-965C-5BF74B73C4D4}.Debug|Any CPU.Build.0 = Debug|Any CPU
		{EAB93590-1A0F-4B04-965C-5BF74B73C4D4}.Release|Any CPU.ActiveCfg = Release|Any CPU
		{EAB93590-1A0F-4B04-965C-5BF74B73C4D4}.Release|Any CPU.Build.0 = Release|Any CPU
		{FD791CD4-8A58-4604-8467-233C99D6988D}.Debug|Any CPU.ActiveCfg = Debug|Any CPU
		{FD791CD4-8A58-4604-8467-233C99D6988D}.Debug|Any CPU.Build.0 = Debug|Any CPU
		{FD791CD4-8A58-4604-8467-233C99D6988D}.Release|Any CPU.ActiveCfg = Release|Any CPU
		{FD791CD4-8A58-4604-8467-233C99D6988D}.Release|Any CPU.Build.0 = Release|Any CPU
		{641B559B-77E5-4C36-B9ED-C8B403122E3B}.Debug|Any CPU.ActiveCfg = Debug|Any CPU
		{641B559B-77E5-4C36-B9ED-C8B403122E3B}.Debug|Any CPU.Build.0 = Debug|Any CPU
		{641B559B-77E5-4C36-B9ED-C8B403122E3B}.Release|Any CPU.ActiveCfg = Release|Any CPU
		{641B559B-77E5-4C36-B9ED-C8B403122E3B}.Release|Any CPU.Build.0 = Release|Any CPU
		{9B083CD6-A642-4037-8E89-65D81AAA0239}.Debug|Any CPU.ActiveCfg = Debug|Any CPU
		{9B083CD6-A642-4037-8E89-65D81AAA0239}.Debug|Any CPU.Build.0 = Debug|Any CPU
		{9B083CD6-A642-4037-8E89-65D81AAA0239}.Release|Any CPU.ActiveCfg = Release|Any CPU
		{9B083CD6-A642-4037-8E89-65D81AAA0239}.Release|Any CPU.Build.0 = Release|Any CPU
		{8324D32E-2FFF-4567-A5D7-124950AC65EE}.Debug|Any CPU.ActiveCfg = Debug|Any CPU
		{8324D32E-2FFF-4567-A5D7-124950AC65EE}.Debug|Any CPU.Build.0 = Debug|Any CPU
		{8324D32E-2FFF-4567-A5D7-124950AC65EE}.Release|Any CPU.ActiveCfg = Release|Any CPU
		{8324D32E-2FFF-4567-A5D7-124950AC65EE}.Release|Any CPU.Build.0 = Release|Any CPU
		{E3BF4154-4333-4FDB-A484-61D24CB26754}.Debug|Any CPU.ActiveCfg = Debug|Any CPU
		{E3BF4154-4333-4FDB-A484-61D24CB26754}.Debug|Any CPU.Build.0 = Debug|Any CPU
		{E3BF4154-4333-4FDB-A484-61D24CB26754}.Release|Any CPU.ActiveCfg = Release|Any CPU
		{E3BF4154-4333-4FDB-A484-61D24CB26754}.Release|Any CPU.Build.0 = Release|Any CPU
		{C745DD57-8C61-4CA5-B07B-2912416DAA01}.Debug|Any CPU.ActiveCfg = Debug|Any CPU
		{C745DD57-8C61-4CA5-B07B-2912416DAA01}.Debug|Any CPU.Build.0 = Debug|Any CPU
		{C745DD57-8C61-4CA5-B07B-2912416DAA01}.Release|Any CPU.ActiveCfg = Release|Any CPU
		{C745DD57-8C61-4CA5-B07B-2912416DAA01}.Release|Any CPU.Build.0 = Release|Any CPU
		{4F9F572F-70EC-4907-B001-1F85089DBB48}.Debug|Any CPU.ActiveCfg = Debug|Any CPU
		{4F9F572F-70EC-4907-B001-1F85089DBB48}.Debug|Any CPU.Build.0 = Debug|Any CPU
		{4F9F572F-70EC-4907-B001-1F85089DBB48}.Release|Any CPU.ActiveCfg = Release|Any CPU
		{4F9F572F-70EC-4907-B001-1F85089DBB48}.Release|Any CPU.Build.0 = Release|Any CPU
		{382863D7-7157-4C41-8FDC-12500D3CFB46}.Debug|Any CPU.ActiveCfg = Debug|Any CPU
		{382863D7-7157-4C41-8FDC-12500D3CFB46}.Debug|Any CPU.Build.0 = Debug|Any CPU
		{382863D7-7157-4C41-8FDC-12500D3CFB46}.Release|Any CPU.ActiveCfg = Release|Any CPU
		{382863D7-7157-4C41-8FDC-12500D3CFB46}.Release|Any CPU.Build.0 = Release|Any CPU
		{4504E6AF-AD52-4C19-8A87-44E85BAB5952}.Debug|Any CPU.ActiveCfg = Debug|Any CPU
		{4504E6AF-AD52-4C19-8A87-44E85BAB5952}.Debug|Any CPU.Build.0 = Debug|Any CPU
		{4504E6AF-AD52-4C19-8A87-44E85BAB5952}.Release|Any CPU.ActiveCfg = Release|Any CPU
		{4504E6AF-AD52-4C19-8A87-44E85BAB5952}.Release|Any CPU.Build.0 = Release|Any CPU
	EndGlobalSection
	GlobalSection(SolutionProperties) = preSolution
		HideSolutionNode = FALSE
	EndGlobalSection
	GlobalSection(ExtensibilityGlobals) = postSolution
		SolutionGuid = {C6AC253F-C60B-45A2-9FD1-BD2D2338F37B}
	EndGlobalSection
EndGlobal
